
Microsoft Visual Studio Solution File, Format Version 11.00
# Visual Studio 2010
Project("{8BC9CEB8-8B4A-11D0-8D11-00A0C91BC942}") = "Olimp_task", "Olimp_task\Olimp_task.vcxproj", "{467DEE4F-DB08-4F8B-B7C7-4D9D212BEBE2}"
EndProject
Global
	GlobalSection(SolutionConfigurationPlatforms) = preSolution
		Debug|Win32 = Debug|Win32
		Release|Win32 = Release|Win32
	EndGlobalSection
	GlobalSection(ProjectConfigurationPlatforms) = postSolution
		{467DEE4F-DB08-4F8B-B7C7-4D9D212BEBE2}.Debug|Win32.ActiveCfg = Debug|Win32
		{467DEE4F-DB08-4F8B-B7C7-4D9D212BEBE2}.Debug|Win32.Build.0 = Debug|Win32
		{467DEE4F-DB08-4F8B-B7C7-4D9D212BEBE2}.Release|Win32.ActiveCfg = Release|Win32
		{467DEE4F-DB08-4F8B-B7C7-4D9D212BEBE2}.Release|Win32.Build.0 = Release|Win32
	EndGlobalSection
	GlobalSection(SolutionProperties) = preSolution
		HideSolutionNode = FALSE
	EndGlobalSection
EndGlobal
